
Microsoft Visual Studio Solution File, Format Version 12.00
# Visual Studio Version 17
VisualStudioVersion = 17.5.002.0
MinimumVisualStudioVersion = 10.0.40219.1
Project("{9A19103F-16F7-4668-BE54-9A1E7A4F7556}") = "airyan", "airyan.csproj", "{A2AF4313-8248-4A50-B93A-C3DBFC202DAB}"
EndProject
Global
	GlobalSection(SolutionConfigurationPlatforms) = preSolution
		Debug|Any CPU = Debug|Any CPU
		Release|Any CPU = Release|Any CPU
	EndGlobalSection
	GlobalSection(ProjectConfigurationPlatforms) = postSolution
		{A2AF4313-8248-4A50-B93A-C3DBFC202DAB}.Debug|Any CPU.ActiveCfg = Debug|Any CPU
		{A2AF4313-8248-4A50-B93A-C3DBFC202DAB}.Debug|Any CPU.Build.0 = Debug|Any CPU
		{A2AF4313-8248-4A50-B93A-C3DBFC202DAB}.Release|Any CPU.ActiveCfg = Release|Any CPU
		{A2AF4313-8248-4A50-B93A-C3DBFC202DAB}.Release|Any CPU.Build.0 = Release|Any CPU
	EndGlobalSection
	GlobalSection(SolutionProperties) = preSolution
		HideSolutionNode = FALSE
	EndGlobalSection
	GlobalSection(ExtensibilityGlobals) = postSolution
		SolutionGuid = {28AA68E4-9CD6-48A3-93C8-F075AB68E019}
	EndGlobalSection
EndGlobal
